// !$*UTF8*$!
{
	archiveVersion = 1;
	classes = {
	};
	objectVersion = 56;
	objects = {

/* Begin PBXBuildFile section */
		310B82522992CD4E00C0B97B /* AppDelegate.swift in Sources */ = {isa = PBXBuildFile; fileRef = 310B82512992CD4E00C0B97B /* AppDelegate.swift */; };
		310B82542992CD4E00C0B97B /* SceneDelegate.swift in Sources */ = {isa = PBXBuildFile; fileRef = 310B82532992CD4E00C0B97B /* SceneDelegate.swift */; };
		310B82592992CD4E00C0B97B /* Main.storyboard in Resources */ = {isa = PBXBuildFile; fileRef = 310B82572992CD4E00C0B97B /* Main.storyboard */; };
		310B825B2992CD4F00C0B97B /* Assets.xcassets in Resources */ = {isa = PBXBuildFile; fileRef = 310B825A2992CD4F00C0B97B /* Assets.xcassets */; };
		310B825E2992CD4F00C0B97B /* LaunchScreen.storyboard in Resources */ = {isa = PBXBuildFile; fileRef = 310B825C2992CD4F00C0B97B /* LaunchScreen.storyboard */; };
		310B82672992D1AD00C0B97B /* Coordinator.swift in Sources */ = {isa = PBXBuildFile; fileRef = 310B82662992D1AD00C0B97B /* Coordinator.swift */; };
		310B82692992D1BB00C0B97B /* ApplicationCoordinator.swift in Sources */ = {isa = PBXBuildFile; fileRef = 310B82682992D1BB00C0B97B /* ApplicationCoordinator.swift */; };
		310B826F2992D4EF00C0B97B /* BaseView.swift in Sources */ = {isa = PBXBuildFile; fileRef = 310B826E2992D4EF00C0B97B /* BaseView.swift */; };
		310B82722992D5CA00C0B97B /* BaseCoordinator.swift in Sources */ = {isa = PBXBuildFile; fileRef = 310B82712992D5CA00C0B97B /* BaseCoordinator.swift */; };
		310B82752992D63600C0B97B /* RouterFactory.swift in Sources */ = {isa = PBXBuildFile; fileRef = 310B82742992D63600C0B97B /* RouterFactory.swift */; };
		310B82772992D65C00C0B97B /* RouterImp.swift in Sources */ = {isa = PBXBuildFile; fileRef = 310B82762992D65C00C0B97B /* RouterImp.swift */; };
		310B82792992F7AF00C0B97B /* AppCoordinatorFactoryOutput.swift in Sources */ = {isa = PBXBuildFile; fileRef = 310B82782992F7AF00C0B97B /* AppCoordinatorFactoryOutput.swift */; };
		310B827B2992FD9400C0B97B /* Presentable.swift in Sources */ = {isa = PBXBuildFile; fileRef = 310B827A2992FD9400C0B97B /* Presentable.swift */; };
		310B827E299306A800C0B97B /* CoordinatorFactory.swift in Sources */ = {isa = PBXBuildFile; fileRef = 310B827D299306A800C0B97B /* CoordinatorFactory.swift */; };
		310B82802993072B00C0B97B /* CoordinatorFactoryImp.swift in Sources */ = {isa = PBXBuildFile; fileRef = 310B827F2993072B00C0B97B /* CoordinatorFactoryImp.swift */; };
		310B82822993076C00C0B97B /* ModuleFactoryImplementation.swift in Sources */ = {isa = PBXBuildFile; fileRef = 310B82812993076C00C0B97B /* ModuleFactoryImplementation.swift */; };
		310B8286299308E700C0B97B /* NSObjectExtensions.swift in Sources */ = {isa = PBXBuildFile; fileRef = 310B8285299308E700C0B97B /* NSObjectExtensions.swift */; };
		310B8288299308FD00C0B97B /* UIViewControllerExtension.swift in Sources */ = {isa = PBXBuildFile; fileRef = 310B8287299308FD00C0B97B /* UIViewControllerExtension.swift */; };
		310B828A2993093500C0B97B /* BundleExtensions.swift in Sources */ = {isa = PBXBuildFile; fileRef = 310B82892993093500C0B97B /* BundleExtensions.swift */; };
		310B828C299309DC00C0B97B /* DeepLinkOption.swift in Sources */ = {isa = PBXBuildFile; fileRef = 310B828B299309DC00C0B97B /* DeepLinkOption.swift */; };
		311905DC299444EA000613D0 /* TabCoordinatorOutput.swift in Sources */ = {isa = PBXBuildFile; fileRef = 311905DB299444EA000613D0 /* TabCoordinatorOutput.swift */; };
		311905DE299444F6000613D0 /* TabCoordinator.swift in Sources */ = {isa = PBXBuildFile; fileRef = 311905DD299444F6000613D0 /* TabCoordinator.swift */; };
		311905E1299450F0000613D0 /* TabbarView.swift in Sources */ = {isa = PBXBuildFile; fileRef = 311905E0299450F0000613D0 /* TabbarView.swift */; };
		311905E329945555000613D0 /* MainTabController.swift in Sources */ = {isa = PBXBuildFile; fileRef = 311905E229945555000613D0 /* MainTabController.swift */; };
		313194A12994F78700275D69 /* HomeMovieViewModel.swift in Sources */ = {isa = PBXBuildFile; fileRef = 313194A02994F78700275D69 /* HomeMovieViewModel.swift */; };
		313194A52994F7C700275D69 /* TopMoviesImagesSliderTableViewCell.swift in Sources */ = {isa = PBXBuildFile; fileRef = 313194A32994F7C700275D69 /* TopMoviesImagesSliderTableViewCell.swift */; };
		313194A62994F7C700275D69 /* TopMoviesImagesSliderTableViewCell.xib in Resources */ = {isa = PBXBuildFile; fileRef = 313194A42994F7C700275D69 /* TopMoviesImagesSliderTableViewCell.xib */; };
		313194AA2994F9AC00275D69 /* ImagesSliderCollectionViewCell.swift in Sources */ = {isa = PBXBuildFile; fileRef = 313194A82994F9AC00275D69 /* ImagesSliderCollectionViewCell.swift */; };
		313194AB2994F9AC00275D69 /* ImagesSliderCollectionViewCell.xib in Resources */ = {isa = PBXBuildFile; fileRef = 313194A92994F9AC00275D69 /* ImagesSliderCollectionViewCell.xib */; };
		314B35C029945B7000F61551 /* HomeMovieViewController.swift in Sources */ = {isa = PBXBuildFile; fileRef = 314B35BF29945B7000F61551 /* HomeMovieViewController.swift */; };
		314B35C229945B8A00F61551 /* FavouriteViewController.swift in Sources */ = {isa = PBXBuildFile; fileRef = 314B35C129945B8A00F61551 /* FavouriteViewController.swift */; };
		314B35C529945C1600F61551 /* HomeCoordinatorOutput.swift in Sources */ = {isa = PBXBuildFile; fileRef = 314B35C429945C1600F61551 /* HomeCoordinatorOutput.swift */; };
		314B35C829945C2F00F61551 /* FavouriteCoordinatorOutput.swift in Sources */ = {isa = PBXBuildFile; fileRef = 314B35C729945C2F00F61551 /* FavouriteCoordinatorOutput.swift */; };
		314B35CA29945C4000F61551 /* HomeCoordinator.swift in Sources */ = {isa = PBXBuildFile; fileRef = 314B35C929945C4000F61551 /* HomeCoordinator.swift */; };
		314B35CC29945C5100F61551 /* FavouriteCoordinator.swift in Sources */ = {isa = PBXBuildFile; fileRef = 314B35CB29945C5100F61551 /* FavouriteCoordinator.swift */; };
		314B35CE29945C6900F61551 /* HomeView.swift in Sources */ = {isa = PBXBuildFile; fileRef = 314B35CD29945C6900F61551 /* HomeView.swift */; };
		314B35D029945C7600F61551 /* FavouriteView.swift in Sources */ = {isa = PBXBuildFile; fileRef = 314B35CF29945C7600F61551 /* FavouriteView.swift */; };
		314B35D229945CFA00F61551 /* FavouriteModuleFactory.swift in Sources */ = {isa = PBXBuildFile; fileRef = 314B35D129945CFA00F61551 /* FavouriteModuleFactory.swift */; };
		314B35D429945D0500F61551 /* HomeModuleFactory.swift in Sources */ = {isa = PBXBuildFile; fileRef = 314B35D329945D0500F61551 /* HomeModuleFactory.swift */; };
		3174C52E2997BC57001D5326 /* ConfigurableCel.swift in Sources */ = {isa = PBXBuildFile; fileRef = 3174C52D2997BC57001D5326 /* ConfigurableCel.swift */; };
		31E6AB64299503A80018596B /* Extension.swift in Sources */ = {isa = PBXBuildFile; fileRef = 31E6AB63299503A80018596B /* Extension.swift */; };
		31E6AB6F2996564E0018596B /* MoviesAPI.swift in Sources */ = {isa = PBXBuildFile; fileRef = 31E6AB6A2996564E0018596B /* MoviesAPI.swift */; };
		31E6AB702996564E0018596B /* RepositoriesNetworking.swift in Sources */ = {isa = PBXBuildFile; fileRef = 31E6AB6B2996564E0018596B /* RepositoriesNetworking.swift */; };
		31E6AB712996564E0018596B /* TargetType.swift in Sources */ = {isa = PBXBuildFile; fileRef = 31E6AB6D2996564E0018596B /* TargetType.swift */; };
		31E6AB722996564E0018596B /* BaseAPI.swift in Sources */ = {isa = PBXBuildFile; fileRef = 31E6AB6E2996564E0018596B /* BaseAPI.swift */; };
		31E6AB75299656FD0018596B /* Constants.swift in Sources */ = {isa = PBXBuildFile; fileRef = 31E6AB74299656FD0018596B /* Constants.swift */; };
		31E6AB7A299720980018596B /* Movie.swift in Sources */ = {isa = PBXBuildFile; fileRef = 31E6AB79299720980018596B /* Movie.swift */; };
		31E6AB82299736210018596B /* MoviesRepositories.swift in Sources */ = {isa = PBXBuildFile; fileRef = 31E6AB81299736210018596B /* MoviesRepositories.swift */; };
		31E6AB84299736C70018596B /* FetchMoviesData.swift in Sources */ = {isa = PBXBuildFile; fileRef = 31E6AB83299736C70018596B /* FetchMoviesData.swift */; };
		AAC860807C1D237A4C1FBB4E /* Pods_AwesomeMovie.framework in Frameworks */ = {isa = PBXBuildFile; fileRef = 8128B614A2005EEA76ED88A8 /* Pods_AwesomeMovie.framework */; };
/* End PBXBuildFile section */

/* Begin PBXFileReference section */
		310B824E2992CD4E00C0B97B /* AwesomeMovie.app */ = {isa = PBXFileReference; explicitFileType = wrapper.application; includeInIndex = 0; path = AwesomeMovie.app; sourceTree = BUILT_PRODUCTS_DIR; };
		310B82512992CD4E00C0B97B /* AppDelegate.swift */ = {isa = PBXFileReference; lastKnownFileType = sourcecode.swift; path = AppDelegate.swift; sourceTree = "<group>"; };
		310B82532992CD4E00C0B97B /* SceneDelegate.swift */ = {isa = PBXFileReference; lastKnownFileType = sourcecode.swift; path = SceneDelegate.swift; sourceTree = "<group>"; };
		310B82582992CD4E00C0B97B /* Base */ = {isa = PBXFileReference; lastKnownFileType = file.storyboard; name = Base; path = Base.lproj/Main.storyboard; sourceTree = "<group>"; };
		310B825A2992CD4F00C0B97B /* Assets.xcassets */ = {isa = PBXFileReference; lastKnownFileType = folder.assetcatalog; path = Assets.xcassets; sourceTree = "<group>"; };
		310B825D2992CD4F00C0B97B /* Base */ = {isa = PBXFileReference; lastKnownFileType = file.storyboard; name = Base; path = Base.lproj/LaunchScreen.storyboard; sourceTree = "<group>"; };
		310B825F2992CD4F00C0B97B /* Info.plist */ = {isa = PBXFileReference; lastKnownFileType = text.plist.xml; path = Info.plist; sourceTree = "<group>"; };
		310B82662992D1AD00C0B97B /* Coordinator.swift */ = {isa = PBXFileReference; lastKnownFileType = sourcecode.swift; path = Coordinator.swift; sourceTree = "<group>"; };
		310B82682992D1BB00C0B97B /* ApplicationCoordinator.swift */ = {isa = PBXFileReference; lastKnownFileType = sourcecode.swift; path = ApplicationCoordinator.swift; sourceTree = "<group>"; };
		310B826E2992D4EF00C0B97B /* BaseView.swift */ = {isa = PBXFileReference; lastKnownFileType = sourcecode.swift; path = BaseView.swift; sourceTree = "<group>"; };
		310B82712992D5CA00C0B97B /* BaseCoordinator.swift */ = {isa = PBXFileReference; lastKnownFileType = sourcecode.swift; path = BaseCoordinator.swift; sourceTree = "<group>"; };
		310B82742992D63600C0B97B /* RouterFactory.swift */ = {isa = PBXFileReference; lastKnownFileType = sourcecode.swift; path = RouterFactory.swift; sourceTree = "<group>"; };
		310B82762992D65C00C0B97B /* RouterImp.swift */ = {isa = PBXFileReference; lastKnownFileType = sourcecode.swift; path = RouterImp.swift; sourceTree = "<group>"; };
		310B82782992F7AF00C0B97B /* AppCoordinatorFactoryOutput.swift */ = {isa = PBXFileReference; lastKnownFileType = sourcecode.swift; path = AppCoordinatorFactoryOutput.swift; sourceTree = "<group>"; };
		310B827A2992FD9400C0B97B /* Presentable.swift */ = {isa = PBXFileReference; lastKnownFileType = sourcecode.swift; path = Presentable.swift; sourceTree = "<group>"; };
		310B827D299306A800C0B97B /* CoordinatorFactory.swift */ = {isa = PBXFileReference; lastKnownFileType = sourcecode.swift; path = CoordinatorFactory.swift; sourceTree = "<group>"; };
		310B827F2993072B00C0B97B /* CoordinatorFactoryImp.swift */ = {isa = PBXFileReference; lastKnownFileType = sourcecode.swift; path = CoordinatorFactoryImp.swift; sourceTree = "<group>"; };
		310B82812993076C00C0B97B /* ModuleFactoryImplementation.swift */ = {isa = PBXFileReference; lastKnownFileType = sourcecode.swift; path = ModuleFactoryImplementation.swift; sourceTree = "<group>"; };
		310B8285299308E700C0B97B /* NSObjectExtensions.swift */ = {isa = PBXFileReference; lastKnownFileType = sourcecode.swift; path = NSObjectExtensions.swift; sourceTree = "<group>"; };
		310B8287299308FD00C0B97B /* UIViewControllerExtension.swift */ = {isa = PBXFileReference; lastKnownFileType = sourcecode.swift; path = UIViewControllerExtension.swift; sourceTree = "<group>"; };
		310B82892993093500C0B97B /* BundleExtensions.swift */ = {isa = PBXFileReference; lastKnownFileType = sourcecode.swift; path = BundleExtensions.swift; sourceTree = "<group>"; };
		310B828B299309DC00C0B97B /* DeepLinkOption.swift */ = {isa = PBXFileReference; lastKnownFileType = sourcecode.swift; path = DeepLinkOption.swift; sourceTree = "<group>"; };
		311905DB299444EA000613D0 /* TabCoordinatorOutput.swift */ = {isa = PBXFileReference; lastKnownFileType = sourcecode.swift; path = TabCoordinatorOutput.swift; sourceTree = "<group>"; };
		311905DD299444F6000613D0 /* TabCoordinator.swift */ = {isa = PBXFileReference; lastKnownFileType = sourcecode.swift; path = TabCoordinator.swift; sourceTree = "<group>"; };
		311905E0299450F0000613D0 /* TabbarView.swift */ = {isa = PBXFileReference; lastKnownFileType = sourcecode.swift; path = TabbarView.swift; sourceTree = "<group>"; };
		311905E229945555000613D0 /* MainTabController.swift */ = {isa = PBXFileReference; lastKnownFileType = sourcecode.swift; path = MainTabController.swift; sourceTree = "<group>"; };
		313194A02994F78700275D69 /* HomeMovieViewModel.swift */ = {isa = PBXFileReference; lastKnownFileType = sourcecode.swift; path = HomeMovieViewModel.swift; sourceTree = "<group>"; };
		313194A32994F7C700275D69 /* TopMoviesImagesSliderTableViewCell.swift */ = {isa = PBXFileReference; lastKnownFileType = sourcecode.swift; path = TopMoviesImagesSliderTableViewCell.swift; sourceTree = "<group>"; };
		313194A42994F7C700275D69 /* TopMoviesImagesSliderTableViewCell.xib */ = {isa = PBXFileReference; lastKnownFileType = file.xib; path = TopMoviesImagesSliderTableViewCell.xib; sourceTree = "<group>"; };
		313194A82994F9AC00275D69 /* ImagesSliderCollectionViewCell.swift */ = {isa = PBXFileReference; lastKnownFileType = sourcecode.swift; path = ImagesSliderCollectionViewCell.swift; sourceTree = "<group>"; };
		313194A92994F9AC00275D69 /* ImagesSliderCollectionViewCell.xib */ = {isa = PBXFileReference; lastKnownFileType = file.xib; path = ImagesSliderCollectionViewCell.xib; sourceTree = "<group>"; };
		314B35BF29945B7000F61551 /* HomeMovieViewController.swift */ = {isa = PBXFileReference; lastKnownFileType = sourcecode.swift; path = HomeMovieViewController.swift; sourceTree = "<group>"; };
		314B35C129945B8A00F61551 /* FavouriteViewController.swift */ = {isa = PBXFileReference; lastKnownFileType = sourcecode.swift; path = FavouriteViewController.swift; sourceTree = "<group>"; };
		314B35C429945C1600F61551 /* HomeCoordinatorOutput.swift */ = {isa = PBXFileReference; lastKnownFileType = sourcecode.swift; path = HomeCoordinatorOutput.swift; sourceTree = "<group>"; };
		314B35C729945C2F00F61551 /* FavouriteCoordinatorOutput.swift */ = {isa = PBXFileReference; lastKnownFileType = sourcecode.swift; path = FavouriteCoordinatorOutput.swift; sourceTree = "<group>"; };
		314B35C929945C4000F61551 /* HomeCoordinator.swift */ = {isa = PBXFileReference; lastKnownFileType = sourcecode.swift; path = HomeCoordinator.swift; sourceTree = "<group>"; };
		314B35CB29945C5100F61551 /* FavouriteCoordinator.swift */ = {isa = PBXFileReference; lastKnownFileType = sourcecode.swift; path = FavouriteCoordinator.swift; sourceTree = "<group>"; };
		314B35CD29945C6900F61551 /* HomeView.swift */ = {isa = PBXFileReference; lastKnownFileType = sourcecode.swift; path = HomeView.swift; sourceTree = "<group>"; };
		314B35CF29945C7600F61551 /* FavouriteView.swift */ = {isa = PBXFileReference; lastKnownFileType = sourcecode.swift; path = FavouriteView.swift; sourceTree = "<group>"; };
		314B35D129945CFA00F61551 /* FavouriteModuleFactory.swift */ = {isa = PBXFileReference; lastKnownFileType = sourcecode.swift; path = FavouriteModuleFactory.swift; sourceTree = "<group>"; };
		314B35D329945D0500F61551 /* HomeModuleFactory.swift */ = {isa = PBXFileReference; lastKnownFileType = sourcecode.swift; path = HomeModuleFactory.swift; sourceTree = "<group>"; };
		3174C52D2997BC57001D5326 /* ConfigurableCel.swift */ = {isa = PBXFileReference; lastKnownFileType = sourcecode.swift; path = ConfigurableCel.swift; sourceTree = "<group>"; };
		31E6AB63299503A80018596B /* Extension.swift */ = {isa = PBXFileReference; lastKnownFileType = sourcecode.swift; path = Extension.swift; sourceTree = "<group>"; };
		31E6AB6A2996564E0018596B /* MoviesAPI.swift */ = {isa = PBXFileReference; fileEncoding = 4; lastKnownFileType = sourcecode.swift; path = MoviesAPI.swift; sourceTree = "<group>"; };
		31E6AB6B2996564E0018596B /* RepositoriesNetworking.swift */ = {isa = PBXFileReference; fileEncoding = 4; lastKnownFileType = sourcecode.swift; path = RepositoriesNetworking.swift; sourceTree = "<group>"; };
		31E6AB6D2996564E0018596B /* TargetType.swift */ = {isa = PBXFileReference; fileEncoding = 4; lastKnownFileType = sourcecode.swift; path = TargetType.swift; sourceTree = "<group>"; };
		31E6AB6E2996564E0018596B /* BaseAPI.swift */ = {isa = PBXFileReference; fileEncoding = 4; lastKnownFileType = sourcecode.swift; path = BaseAPI.swift; sourceTree = "<group>"; };
		31E6AB74299656FD0018596B /* Constants.swift */ = {isa = PBXFileReference; lastKnownFileType = sourcecode.swift; path = Constants.swift; sourceTree = "<group>"; };
		31E6AB79299720980018596B /* Movie.swift */ = {isa = PBXFileReference; lastKnownFileType = sourcecode.swift; path = Movie.swift; sourceTree = "<group>"; };
		31E6AB81299736210018596B /* MoviesRepositories.swift */ = {isa = PBXFileReference; lastKnownFileType = sourcecode.swift; path = MoviesRepositories.swift; sourceTree = "<group>"; };
		31E6AB83299736C70018596B /* FetchMoviesData.swift */ = {isa = PBXFileReference; lastKnownFileType = sourcecode.swift; path = FetchMoviesData.swift; sourceTree = "<group>"; };
		4C385B4B2BF33E378CF2F075 /* Pods-AwesomeMovie.release.xcconfig */ = {isa = PBXFileReference; includeInIndex = 1; lastKnownFileType = text.xcconfig; name = "Pods-AwesomeMovie.release.xcconfig"; path = "Target Support Files/Pods-AwesomeMovie/Pods-AwesomeMovie.release.xcconfig"; sourceTree = "<group>"; };
		651524C3ECD9EC5C0D0168F8 /* Pods-AwesomeMovie.debug.xcconfig */ = {isa = PBXFileReference; includeInIndex = 1; lastKnownFileType = text.xcconfig; name = "Pods-AwesomeMovie.debug.xcconfig"; path = "Target Support Files/Pods-AwesomeMovie/Pods-AwesomeMovie.debug.xcconfig"; sourceTree = "<group>"; };
		8128B614A2005EEA76ED88A8 /* Pods_AwesomeMovie.framework */ = {isa = PBXFileReference; explicitFileType = wrapper.framework; includeInIndex = 0; path = Pods_AwesomeMovie.framework; sourceTree = BUILT_PRODUCTS_DIR; };
/* End PBXFileReference section */

/* Begin PBXFrameworksBuildPhase section */
		310B824B2992CD4E00C0B97B /* Frameworks */ = {
			isa = PBXFrameworksBuildPhase;
			buildActionMask = 2147483647;
			files = (
				AAC860807C1D237A4C1FBB4E /* Pods_AwesomeMovie.framework in Frameworks */,
			);
			runOnlyForDeploymentPostprocessing = 0;
		};
/* End PBXFrameworksBuildPhase section */

/* Begin PBXGroup section */
		28F278DC7D63204789DF5AFF /* Frameworks */ = {
			isa = PBXGroup;
			children = (
				8128B614A2005EEA76ED88A8 /* Pods_AwesomeMovie.framework */,
			);
			name = Frameworks;
			sourceTree = "<group>";
		};
		310B82452992CD4E00C0B97B = {
			isa = PBXGroup;
			children = (
				310B82502992CD4E00C0B97B /* AwesomeMovie */,
				310B824F2992CD4E00C0B97B /* Products */,
				C31ECB2C314A244366D71E04 /* Pods */,
				28F278DC7D63204789DF5AFF /* Frameworks */,
			);
			sourceTree = "<group>";
		};
		310B824F2992CD4E00C0B97B /* Products */ = {
			isa = PBXGroup;
			children = (
				310B824E2992CD4E00C0B97B /* AwesomeMovie.app */,
			);
			name = Products;
			sourceTree = "<group>";
		};
		310B82502992CD4E00C0B97B /* AwesomeMovie */ = {
			isa = PBXGroup;
			children = (
				310B82832993081200C0B97B /* Application */,
				31E6AB73299656CC0018596B /* Domain */,
				31E6AB62299503780018596B /* Utilities */,
				31E6AB672996564E0018596B /* Infrastructure */,
				310B82702992D5B300C0B97B /* Coordinators */,
				310B82652992D14000C0B97B /* Scenes */,
				310B825A2992CD4F00C0B97B /* Assets.xcassets */,
				310B825C2992CD4F00C0B97B /* LaunchScreen.storyboard */,
				310B825F2992CD4F00C0B97B /* Info.plist */,
			);
			path = AwesomeMovie;
			sourceTree = "<group>";
		};
		310B82652992D14000C0B97B /* Scenes */ = {
			isa = PBXGroup;
			children = (
				310B826A2992D21500C0B97B /* MainTabView */,
			);
			path = Scenes;
			sourceTree = "<group>";
		};
		310B826A2992D21500C0B97B /* MainTabView */ = {
			isa = PBXGroup;
			children = (
				310B826C2992D33500C0B97B /* Favourite */,
				310B826B2992D33000C0B97B /* Home */,
				311905DA299444D4000613D0 /* Coordinator */,
				310B82572992CD4E00C0B97B /* Main.storyboard */,
				311905E229945555000613D0 /* MainTabController.swift */,
			);
			path = MainTabView;
			sourceTree = "<group>";
		};
		310B826B2992D33000C0B97B /* Home */ = {
			isa = PBXGroup;
			children = (
				313194A22994F79F00275D69 /* Views */,
				3131949F2994F76000275D69 /* MVVM */,
				314B35C329945C0500F61551 /* Coordinator */,
			);
			path = Home;
			sourceTree = "<group>";
		};
		310B826C2992D33500C0B97B /* Favourite */ = {
			isa = PBXGroup;
			children = (
				314B35C629945C1A00F61551 /* Coordinator */,
				314B35C129945B8A00F61551 /* FavouriteViewController.swift */,
				314B35CF29945C7600F61551 /* FavouriteView.swift */,
			);
			path = Favourite;
			sourceTree = "<group>";
		};
		310B826D2992D4CE00C0B97B /* CoordinatorProtocols */ = {
			isa = PBXGroup;
			children = (
				310B82662992D1AD00C0B97B /* Coordinator.swift */,
				310B826E2992D4EF00C0B97B /* BaseView.swift */,
				310B827A2992FD9400C0B97B /* Presentable.swift */,
				310B828B299309DC00C0B97B /* DeepLinkOption.swift */,
			);
			path = CoordinatorProtocols;
			sourceTree = "<group>";
		};
		310B82702992D5B300C0B97B /* Coordinators */ = {
			isa = PBXGroup;
			children = (
				310B8284299308BA00C0B97B /* CoordinatorExtensions */,
				310B827C2993069800C0B97B /* CoordinatorsFactory */,
				310B82732992D62600C0B97B /* Router */,
				310B826D2992D4CE00C0B97B /* CoordinatorProtocols */,
				310B82712992D5CA00C0B97B /* BaseCoordinator.swift */,
			);
			path = Coordinators;
			sourceTree = "<group>";
		};
		310B82732992D62600C0B97B /* Router */ = {
			isa = PBXGroup;
			children = (
				310B82742992D63600C0B97B /* RouterFactory.swift */,
				310B82762992D65C00C0B97B /* RouterImp.swift */,
			);
			path = Router;
			sourceTree = "<group>";
		};
		310B827C2993069800C0B97B /* CoordinatorsFactory */ = {
			isa = PBXGroup;
			children = (
				310B827D299306A800C0B97B /* CoordinatorFactory.swift */,
				310B827F2993072B00C0B97B /* CoordinatorFactoryImp.swift */,
				310B82812993076C00C0B97B /* ModuleFactoryImplementation.swift */,
			);
			path = CoordinatorsFactory;
			sourceTree = "<group>";
		};
		310B82832993081200C0B97B /* Application */ = {
			isa = PBXGroup;
			children = (
				310B82512992CD4E00C0B97B /* AppDelegate.swift */,
				310B82532992CD4E00C0B97B /* SceneDelegate.swift */,
				310B82682992D1BB00C0B97B /* ApplicationCoordinator.swift */,
				310B82782992F7AF00C0B97B /* AppCoordinatorFactoryOutput.swift */,
			);
			path = Application;
			sourceTree = "<group>";
		};
		310B8284299308BA00C0B97B /* CoordinatorExtensions */ = {
			isa = PBXGroup;
			children = (
				310B8285299308E700C0B97B /* NSObjectExtensions.swift */,
				310B8287299308FD00C0B97B /* UIViewControllerExtension.swift */,
				310B82892993093500C0B97B /* BundleExtensions.swift */,
			);
			path = CoordinatorExtensions;
			sourceTree = "<group>";
		};
		311905DA299444D4000613D0 /* Coordinator */ = {
			isa = PBXGroup;
			children = (
				311905DB299444EA000613D0 /* TabCoordinatorOutput.swift */,
				311905DD299444F6000613D0 /* TabCoordinator.swift */,
				311905E0299450F0000613D0 /* TabbarView.swift */,
			);
			path = Coordinator;
			sourceTree = "<group>";
		};
		3131949F2994F76000275D69 /* MVVM */ = {
			isa = PBXGroup;
			children = (
				314B35BF29945B7000F61551 /* HomeMovieViewController.swift */,
				314B35CD29945C6900F61551 /* HomeView.swift */,
				313194A02994F78700275D69 /* HomeMovieViewModel.swift */,
			);
			path = MVVM;
			sourceTree = "<group>";
		};
		313194A22994F79F00275D69 /* Views */ = {
			isa = PBXGroup;
			children = (
				313194A72994F98C00275D69 /* ImagesSlider */,
			);
			path = Views;
			sourceTree = "<group>";
		};
		313194A72994F98C00275D69 /* ImagesSlider */ = {
			isa = PBXGroup;
			children = (
				313194A32994F7C700275D69 /* TopMoviesImagesSliderTableViewCell.swift */,
				313194A42994F7C700275D69 /* TopMoviesImagesSliderTableViewCell.xib */,
				313194A82994F9AC00275D69 /* ImagesSliderCollectionViewCell.swift */,
				313194A92994F9AC00275D69 /* ImagesSliderCollectionViewCell.xib */,
			);
			path = ImagesSlider;
			sourceTree = "<group>";
		};
		314B35C329945C0500F61551 /* Coordinator */ = {
			isa = PBXGroup;
			children = (
				314B35C429945C1600F61551 /* HomeCoordinatorOutput.swift */,
				314B35C929945C4000F61551 /* HomeCoordinator.swift */,
				314B35D329945D0500F61551 /* HomeModuleFactory.swift */,
			);
			path = Coordinator;
			sourceTree = "<group>";
		};
		314B35C629945C1A00F61551 /* Coordinator */ = {
			isa = PBXGroup;
			children = (
				314B35C729945C2F00F61551 /* FavouriteCoordinatorOutput.swift */,
				314B35CB29945C5100F61551 /* FavouriteCoordinator.swift */,
				314B35D129945CFA00F61551 /* FavouriteModuleFactory.swift */,
			);
			path = Coordinator;
			sourceTree = "<group>";
		};
		31E6AB62299503780018596B /* Utilities */ = {
			isa = PBXGroup;
			children = (
				31E6AB63299503A80018596B /* Extension.swift */,
				31E6AB74299656FD0018596B /* Constants.swift */,
				3174C52D2997BC57001D5326 /* ConfigurableCel.swift */,
			);
			path = Utilities;
			sourceTree = "<group>";
		};
		31E6AB672996564E0018596B /* Infrastructure */ = {
			isa = PBXGroup;
			children = (
				31E6AB682996564E0018596B /* Network */,
			);
			path = Infrastructure;
			sourceTree = "<group>";
		};
		31E6AB682996564E0018596B /* Network */ = {
			isa = PBXGroup;
			children = (
				31E6AB692996564E0018596B /* Repositories */,
				31E6AB6C2996564E0018596B /* Base */,
			);
			path = Network;
			sourceTree = "<group>";
		};
		31E6AB692996564E0018596B /* Repositories */ = {
			isa = PBXGroup;
			children = (
				31E6AB6A2996564E0018596B /* MoviesAPI.swift */,
				31E6AB6B2996564E0018596B /* RepositoriesNetworking.swift */,
			);
			path = Repositories;
			sourceTree = "<group>";
		};
		31E6AB6C2996564E0018596B /* Base */ = {
			isa = PBXGroup;
			children = (
				31E6AB6D2996564E0018596B /* TargetType.swift */,
				31E6AB6E2996564E0018596B /* BaseAPI.swift */,
			);
			path = Base;
			sourceTree = "<group>";
		};
		31E6AB73299656CC0018596B /* Domain */ = {
			isa = PBXGroup;
			children = (
				31E6AB7F299735EB0018596B /* Interfaces */,
				31E6AB7E299734720018596B /* UseCase */,
				31E6AB76299720700018596B /* Entites */,
			);
			path = Domain;
			sourceTree = "<group>";
		};
		31E6AB76299720700018596B /* Entites */ = {
			isa = PBXGroup;
			children = (
				31E6AB79299720980018596B /* Movie.swift */,
				31E6AB83299736C70018596B /* FetchMoviesData.swift */,
			);
			path = Entites;
			sourceTree = "<group>";
		};
		31E6AB7E299734720018596B /* UseCase */ = {
			isa = PBXGroup;
			children = (
			);
			path = UseCase;
			sourceTree = "<group>";
		};
		31E6AB7F299735EB0018596B /* Interfaces */ = {
			isa = PBXGroup;
			children = (
				31E6AB802997360D0018596B /* Repositories */,
			);
			path = Interfaces;
			sourceTree = "<group>";
		};
		31E6AB802997360D0018596B /* Repositories */ = {
			isa = PBXGroup;
			children = (
				31E6AB81299736210018596B /* MoviesRepositories.swift */,
			);
			path = Repositories;
			sourceTree = "<group>";
		};
		C31ECB2C314A244366D71E04 /* Pods */ = {
			isa = PBXGroup;
			children = (
				651524C3ECD9EC5C0D0168F8 /* Pods-AwesomeMovie.debug.xcconfig */,
				4C385B4B2BF33E378CF2F075 /* Pods-AwesomeMovie.release.xcconfig */,
			);
			path = Pods;
			sourceTree = "<group>";
		};
/* End PBXGroup section */

/* Begin PBXNativeTarget section */
		310B824D2992CD4E00C0B97B /* AwesomeMovie */ = {
			isa = PBXNativeTarget;
			buildConfigurationList = 310B82622992CD4F00C0B97B /* Build configuration list for PBXNativeTarget "AwesomeMovie" */;
			buildPhases = (
				D6F9D0D18EE7F975B35968C4 /* [CP] Check Pods Manifest.lock */,
				310B824A2992CD4E00C0B97B /* Sources */,
				310B824B2992CD4E00C0B97B /* Frameworks */,
				310B824C2992CD4E00C0B97B /* Resources */,
				8B9D1736573E7A2A390C34BB /* [CP] Embed Pods Frameworks */,
			);
			buildRules = (
			);
			dependencies = (
			);
			name = AwesomeMovie;
			productName = AwesomeMovie;
			productReference = 310B824E2992CD4E00C0B97B /* AwesomeMovie.app */;
			productType = "com.apple.product-type.application";
		};
/* End PBXNativeTarget section */

/* Begin PBXProject section */
		310B82462992CD4E00C0B97B /* Project object */ = {
			isa = PBXProject;
			attributes = {
				BuildIndependentTargetsInParallel = 1;
				LastSwiftUpdateCheck = 1420;
				LastUpgradeCheck = 1420;
				TargetAttributes = {
					310B824D2992CD4E00C0B97B = {
						CreatedOnToolsVersion = 14.2;
					};
				};
			};
			buildConfigurationList = 310B82492992CD4E00C0B97B /* Build configuration list for PBXProject "AwesomeMovie" */;
			compatibilityVersion = "Xcode 14.0";
			developmentRegion = en;
			hasScannedForEncodings = 0;
			knownRegions = (
				en,
				Base,
			);
			mainGroup = 310B82452992CD4E00C0B97B;
			productRefGroup = 310B824F2992CD4E00C0B97B /* Products */;
			projectDirPath = "";
			projectRoot = "";
			targets = (
				310B824D2992CD4E00C0B97B /* AwesomeMovie */,
			);
		};
/* End PBXProject section */

/* Begin PBXResourcesBuildPhase section */
		310B824C2992CD4E00C0B97B /* Resources */ = {
			isa = PBXResourcesBuildPhase;
			buildActionMask = 2147483647;
			files = (
				310B825E2992CD4F00C0B97B /* LaunchScreen.storyboard in Resources */,
				313194A62994F7C700275D69 /* TopMoviesImagesSliderTableViewCell.xib in Resources */,
				313194AB2994F9AC00275D69 /* ImagesSliderCollectionViewCell.xib in Resources */,
				310B825B2992CD4F00C0B97B /* Assets.xcassets in Resources */,
				310B82592992CD4E00C0B97B /* Main.storyboard in Resources */,
			);
			runOnlyForDeploymentPostprocessing = 0;
		};
/* End PBXResourcesBuildPhase section */

/* Begin PBXShellScriptBuildPhase section */
		8B9D1736573E7A2A390C34BB /* [CP] Embed Pods Frameworks */ = {
			isa = PBXShellScriptBuildPhase;
			buildActionMask = 2147483647;
			files = (
			);
			inputFileListPaths = (
				"${PODS_ROOT}/Target Support Files/Pods-AwesomeMovie/Pods-AwesomeMovie-frameworks-${CONFIGURATION}-input-files.xcfilelist",
			);
			name = "[CP] Embed Pods Frameworks";
			outputFileListPaths = (
				"${PODS_ROOT}/Target Support Files/Pods-AwesomeMovie/Pods-AwesomeMovie-frameworks-${CONFIGURATION}-output-files.xcfilelist",
			);
			runOnlyForDeploymentPostprocessing = 0;
			shellPath = /bin/sh;
			shellScript = "\"${PODS_ROOT}/Target Support Files/Pods-AwesomeMovie/Pods-AwesomeMovie-frameworks.sh\"\n";
			showEnvVarsInLog = 0;
		};
		D6F9D0D18EE7F975B35968C4 /* [CP] Check Pods Manifest.lock */ = {
			isa = PBXShellScriptBuildPhase;
			buildActionMask = 2147483647;
			files = (
			);
			inputFileListPaths = (
			);
			inputPaths = (
				"${PODS_PODFILE_DIR_PATH}/Podfile.lock",
				"${PODS_ROOT}/Manifest.lock",
			);
			name = "[CP] Check Pods Manifest.lock";
			outputFileListPaths = (
			);
			outputPaths = (
				"$(DERIVED_FILE_DIR)/Pods-AwesomeMovie-checkManifestLockResult.txt",
			);
			runOnlyForDeploymentPostprocessing = 0;
			shellPath = /bin/sh;
			shellScript = "diff \"${PODS_PODFILE_DIR_PATH}/Podfile.lock\" \"${PODS_ROOT}/Manifest.lock\" > /dev/null\nif [ $? != 0 ] ; then\n    # print error to STDERR\n    echo \"error: The sandbox is not in sync with the Podfile.lock. Run 'pod install' or update your CocoaPods installation.\" >&2\n    exit 1\nfi\n# This output is used by Xcode 'outputs' to avoid re-running this script phase.\necho \"SUCCESS\" > \"${SCRIPT_OUTPUT_FILE_0}\"\n";
			showEnvVarsInLog = 0;
		};
/* End PBXShellScriptBuildPhase section */

/* Begin PBXSourcesBuildPhase section */
		310B824A2992CD4E00C0B97B /* Sources */ = {
			isa = PBXSourcesBuildPhase;
			buildActionMask = 2147483647;
			files = (
				310B82672992D1AD00C0B97B /* Coordinator.swift in Sources */,
				314B35CE29945C6900F61551 /* HomeView.swift in Sources */,
				314B35D029945C7600F61551 /* FavouriteView.swift in Sources */,
				310B82802993072B00C0B97B /* CoordinatorFactoryImp.swift in Sources */,
				314B35CC29945C5100F61551 /* FavouriteCoordinator.swift in Sources */,
				310B82792992F7AF00C0B97B /* AppCoordinatorFactoryOutput.swift in Sources */,
				310B8288299308FD00C0B97B /* UIViewControllerExtension.swift in Sources */,
				3174C52E2997BC57001D5326 /* ConfigurableCel.swift in Sources */,
				314B35C029945B7000F61551 /* HomeMovieViewController.swift in Sources */,
				31E6AB712996564E0018596B /* TargetType.swift in Sources */,
				313194A12994F78700275D69 /* HomeMovieViewModel.swift in Sources */,
				310B827E299306A800C0B97B /* CoordinatorFactory.swift in Sources */,
				310B82692992D1BB00C0B97B /* ApplicationCoordinator.swift in Sources */,
				31E6AB722996564E0018596B /* BaseAPI.swift in Sources */,
				314B35C829945C2F00F61551 /* FavouriteCoordinatorOutput.swift in Sources */,
				31E6AB7A299720980018596B /* Movie.swift in Sources */,
				31E6AB84299736C70018596B /* FetchMoviesData.swift in Sources */,
				310B826F2992D4EF00C0B97B /* BaseView.swift in Sources */,
				31E6AB75299656FD0018596B /* Constants.swift in Sources */,
				314B35D229945CFA00F61551 /* FavouriteModuleFactory.swift in Sources */,
				311905E329945555000613D0 /* MainTabController.swift in Sources */,
				311905DC299444EA000613D0 /* TabCoordinatorOutput.swift in Sources */,
				31E6AB64299503A80018596B /* Extension.swift in Sources */,
				310B828A2993093500C0B97B /* BundleExtensions.swift in Sources */,
				314B35C229945B8A00F61551 /* FavouriteViewController.swift in Sources */,
				311905DE299444F6000613D0 /* TabCoordinator.swift in Sources */,
				31E6AB82299736210018596B /* MoviesRepositories.swift in Sources */,
				310B82722992D5CA00C0B97B /* BaseCoordinator.swift in Sources */,
				31E6AB702996564E0018596B /* RepositoriesNetworking.swift in Sources */,
				310B828C299309DC00C0B97B /* DeepLinkOption.swift in Sources */,
				314B35D429945D0500F61551 /* HomeModuleFactory.swift in Sources */,
				310B82522992CD4E00C0B97B /* AppDelegate.swift in Sources */,
				313194A52994F7C700275D69 /* TopMoviesImagesSliderTableViewCell.swift in Sources */,
				310B82772992D65C00C0B97B /* RouterImp.swift in Sources */,
				311905E1299450F0000613D0 /* TabbarView.swift in Sources */,
				310B82822993076C00C0B97B /* ModuleFactoryImplementation.swift in Sources */,
				310B8286299308E700C0B97B /* NSObjectExtensions.swift in Sources */,
				314B35CA29945C4000F61551 /* HomeCoordinator.swift in Sources */,
				31E6AB6F2996564E0018596B /* MoviesAPI.swift in Sources */,
				313194AA2994F9AC00275D69 /* ImagesSliderCollectionViewCell.swift in Sources */,
				314B35C529945C1600F61551 /* HomeCoordinatorOutput.swift in Sources */,
				310B82542992CD4E00C0B97B /* SceneDelegate.swift in Sources */,
				310B827B2992FD9400C0B97B /* Presentable.swift in Sources */,
				310B82752992D63600C0B97B /* RouterFactory.swift in Sources */,
			);
			runOnlyForDeploymentPostprocessing = 0;
		};
/* End PBXSourcesBuildPhase section */

/* Begin PBXVariantGroup section */
		310B82572992CD4E00C0B97B /* Main.storyboard */ = {
			isa = PBXVariantGroup;
			children = (
				310B82582992CD4E00C0B97B /* Base */,
			);
			name = Main.storyboard;
			sourceTree = "<group>";
		};
		310B825C2992CD4F00C0B97B /* LaunchScreen.storyboard */ = {
			isa = PBXVariantGroup;
			children = (
				310B825D2992CD4F00C0B97B /* Base */,
			);
			name = LaunchScreen.storyboard;
			sourceTree = "<group>";
		};
/* End PBXVariantGroup section */

/* Begin XCBuildConfiguration section */
		310B82602992CD4F00C0B97B /* Debug */ = {
			isa = XCBuildConfiguration;
			buildSettings = {
				ALWAYS_SEARCH_USER_PATHS = NO;
				CLANG_ANALYZER_NONNULL = YES;
				CLANG_ANALYZER_NUMBER_OBJECT_CONVERSION = YES_AGGRESSIVE;
				CLANG_CXX_LANGUAGE_STANDARD = "gnu++20";
				CLANG_ENABLE_MODULES = YES;
				CLANG_ENABLE_OBJC_ARC = YES;
				CLANG_ENABLE_OBJC_WEAK = YES;
				CLANG_WARN_BLOCK_CAPTURE_AUTORELEASING = YES;
				CLANG_WARN_BOOL_CONVERSION = YES;
				CLANG_WARN_COMMA = YES;
				CLANG_WARN_CONSTANT_CONVERSION = YES;
				CLANG_WARN_DEPRECATED_OBJC_IMPLEMENTATIONS = YES;
				CLANG_WARN_DIRECT_OBJC_ISA_USAGE = YES_ERROR;
				CLANG_WARN_DOCUMENTATION_COMMENTS = YES;
				CLANG_WARN_EMPTY_BODY = YES;
				CLANG_WARN_ENUM_CONVERSION = YES;
				CLANG_WARN_INFINITE_RECURSION = YES;
				CLANG_WARN_INT_CONVERSION = YES;
				CLANG_WARN_NON_LITERAL_NULL_CONVERSION = YES;
				CLANG_WARN_OBJC_IMPLICIT_RETAIN_SELF = YES;
				CLANG_WARN_OBJC_LITERAL_CONVERSION = YES;
				CLANG_WARN_OBJC_ROOT_CLASS = YES_ERROR;
				CLANG_WARN_QUOTED_INCLUDE_IN_FRAMEWORK_HEADER = YES;
				CLANG_WARN_RANGE_LOOP_ANALYSIS = YES;
				CLANG_WARN_STRICT_PROTOTYPES = YES;
				CLANG_WARN_SUSPICIOUS_MOVE = YES;
				CLANG_WARN_UNGUARDED_AVAILABILITY = YES_AGGRESSIVE;
				CLANG_WARN_UNREACHABLE_CODE = YES;
				CLANG_WARN__DUPLICATE_METHOD_MATCH = YES;
				COPY_PHASE_STRIP = NO;
				DEBUG_INFORMATION_FORMAT = dwarf;
				ENABLE_STRICT_OBJC_MSGSEND = YES;
				ENABLE_TESTABILITY = YES;
				GCC_C_LANGUAGE_STANDARD = gnu11;
				GCC_DYNAMIC_NO_PIC = NO;
				GCC_NO_COMMON_BLOCKS = YES;
				GCC_OPTIMIZATION_LEVEL = 0;
				GCC_PREPROCESSOR_DEFINITIONS = (
					"DEBUG=1",
					"$(inherited)",
				);
				GCC_WARN_64_TO_32_BIT_CONVERSION = YES;
				GCC_WARN_ABOUT_RETURN_TYPE = YES_ERROR;
				GCC_WARN_UNDECLARED_SELECTOR = YES;
				GCC_WARN_UNINITIALIZED_AUTOS = YES_AGGRESSIVE;
				GCC_WARN_UNUSED_FUNCTION = YES;
				GCC_WARN_UNUSED_VARIABLE = YES;
				IPHONEOS_DEPLOYMENT_TARGET = 16.2;
				MTL_ENABLE_DEBUG_INFO = INCLUDE_SOURCE;
				MTL_FAST_MATH = YES;
				ONLY_ACTIVE_ARCH = YES;
				SDKROOT = iphoneos;
				SWIFT_ACTIVE_COMPILATION_CONDITIONS = DEBUG;
				SWIFT_OPTIMIZATION_LEVEL = "-Onone";
			};
			name = Debug;
		};
		310B82612992CD4F00C0B97B /* Release */ = {
			isa = XCBuildConfiguration;
			buildSettings = {
				ALWAYS_SEARCH_USER_PATHS = NO;
				CLANG_ANALYZER_NONNULL = YES;
				CLANG_ANALYZER_NUMBER_OBJECT_CONVERSION = YES_AGGRESSIVE;
				CLANG_CXX_LANGUAGE_STANDARD = "gnu++20";
				CLANG_ENABLE_MODULES = YES;
				CLANG_ENABLE_OBJC_ARC = YES;
				CLANG_ENABLE_OBJC_WEAK = YES;
				CLANG_WARN_BLOCK_CAPTURE_AUTORELEASING = YES;
				CLANG_WARN_BOOL_CONVERSION = YES;
				CLANG_WARN_COMMA = YES;
				CLANG_WARN_CONSTANT_CONVERSION = YES;
				CLANG_WARN_DEPRECATED_OBJC_IMPLEMENTATIONS = YES;
				CLANG_WARN_DIRECT_OBJC_ISA_USAGE = YES_ERROR;
				CLANG_WARN_DOCUMENTATION_COMMENTS = YES;
				CLANG_WARN_EMPTY_BODY = YES;
				CLANG_WARN_ENUM_CONVERSION = YES;
				CLANG_WARN_INFINITE_RECURSION = YES;
				CLANG_WARN_INT_CONVERSION = YES;
				CLANG_WARN_NON_LITERAL_NULL_CONVERSION = YES;
				CLANG_WARN_OBJC_IMPLICIT_RETAIN_SELF = YES;
				CLANG_WARN_OBJC_LITERAL_CONVERSION = YES;
				CLANG_WARN_OBJC_ROOT_CLASS = YES_ERROR;
				CLANG_WARN_QUOTED_INCLUDE_IN_FRAMEWORK_HEADER = YES;
				CLANG_WARN_RANGE_LOOP_ANALYSIS = YES;
				CLANG_WARN_STRICT_PROTOTYPES = YES;
				CLANG_WARN_SUSPICIOUS_MOVE = YES;
				CLANG_WARN_UNGUARDED_AVAILABILITY = YES_AGGRESSIVE;
				CLANG_WARN_UNREACHABLE_CODE = YES;
				CLANG_WARN__DUPLICATE_METHOD_MATCH = YES;
				COPY_PHASE_STRIP = NO;
				DEBUG_INFORMATION_FORMAT = "dwarf-with-dsym";
				ENABLE_NS_ASSERTIONS = NO;
				ENABLE_STRICT_OBJC_MSGSEND = YES;
				GCC_C_LANGUAGE_STANDARD = gnu11;
				GCC_NO_COMMON_BLOCKS = YES;
				GCC_WARN_64_TO_32_BIT_CONVERSION = YES;
				GCC_WARN_ABOUT_RETURN_TYPE = YES_ERROR;
				GCC_WARN_UNDECLARED_SELECTOR = YES;
				GCC_WARN_UNINITIALIZED_AUTOS = YES_AGGRESSIVE;
				GCC_WARN_UNUSED_FUNCTION = YES;
				GCC_WARN_UNUSED_VARIABLE = YES;
				IPHONEOS_DEPLOYMENT_TARGET = 16.2;
				MTL_ENABLE_DEBUG_INFO = NO;
				MTL_FAST_MATH = YES;
				SDKROOT = iphoneos;
				SWIFT_COMPILATION_MODE = wholemodule;
				SWIFT_OPTIMIZATION_LEVEL = "-O";
				VALIDATE_PRODUCT = YES;
			};
			name = Release;
		};
		310B82632992CD4F00C0B97B /* Debug */ = {
			isa = XCBuildConfiguration;
			baseConfigurationReference = 651524C3ECD9EC5C0D0168F8 /* Pods-AwesomeMovie.debug.xcconfig */;
			buildSettings = {
				ASSETCATALOG_COMPILER_APPICON_NAME = AppIcon;
				ASSETCATALOG_COMPILER_GLOBAL_ACCENT_COLOR_NAME = AccentColor;
				CODE_SIGN_STYLE = Automatic;
				CURRENT_PROJECT_VERSION = 1;
				DEVELOPMENT_TEAM = 7T9V42H9FE;
				GENERATE_INFOPLIST_FILE = YES;
				INFOPLIST_FILE = AwesomeMovie/Info.plist;
				INFOPLIST_KEY_CFBundleDisplayName = "Awesome Movie";
				INFOPLIST_KEY_LSApplicationCategoryType = "public.app-category.entertainment";
				INFOPLIST_KEY_UIApplicationSupportsIndirectInputEvents = YES;
				INFOPLIST_KEY_UILaunchStoryboardName = LaunchScreen.storyboard;
				INFOPLIST_KEY_UIStatusBarStyle = "";
				INFOPLIST_KEY_UISupportedInterfaceOrientations = UIInterfaceOrientationPortrait;
				INFOPLIST_KEY_UISupportedInterfaceOrientations_iPad = "UIInterfaceOrientationLandscapeLeft UIInterfaceOrientationLandscapeRight UIInterfaceOrientationPortrait UIInterfaceOrientationPortraitUpsideDown";
				IPHONEOS_DEPLOYMENT_TARGET = 13.0;
				LD_RUNPATH_SEARCH_PATHS = (
					"$(inherited)",
					"@executable_path/Frameworks",
				);
				MARKETING_VERSION = 1.0;
				PRODUCT_BUNDLE_IDENTIFIER = tayseer.AwesomeMovie;
				PRODUCT_NAME = "$(TARGET_NAME)";
				SUPPORTED_PLATFORMS = "iphoneos iphonesimulator";
				SUPPORTS_MACCATALYST = NO;
				SUPPORTS_MAC_DESIGNED_FOR_IPHONE_IPAD = NO;
				SWIFT_EMIT_LOC_STRINGS = YES;
				SWIFT_VERSION = 5.0;
				TARGETED_DEVICE_FAMILY = 1;
			};
			name = Debug;
		};
		310B82642992CD4F00C0B97B /* Release */ = {
			isa = XCBuildConfiguration;
			baseConfigurationReference = 4C385B4B2BF33E378CF2F075 /* Pods-AwesomeMovie.release.xcconfig */;
			buildSettings = {
				ASSETCATALOG_COMPILER_APPICON_NAME = AppIcon;
				ASSETCATALOG_COMPILER_GLOBAL_ACCENT_COLOR_NAME = AccentColor;
				CODE_SIGN_STYLE = Automatic;
				CURRENT_PROJECT_VERSION = 1;
				DEVELOPMENT_TEAM = 7T9V42H9FE;
				GENERATE_INFOPLIST_FILE = YES;
				INFOPLIST_FILE = AwesomeMovie/Info.plist;
				INFOPLIST_KEY_CFBundleDisplayName = "Awesome Movie";
				INFOPLIST_KEY_LSApplicationCategoryType = "public.app-category.entertainment";
				INFOPLIST_KEY_UIApplicationSupportsIndirectInputEvents = YES;
				INFOPLIST_KEY_UILaunchStoryboardName = LaunchScreen.storyboard;
				INFOPLIST_KEY_UIStatusBarStyle = "";
				INFOPLIST_KEY_UISupportedInterfaceOrientations = UIInterfaceOrientationPortrait;
				INFOPLIST_KEY_UISupportedInterfaceOrientations_iPad = "UIInterfaceOrientationLandscapeLeft UIInterfaceOrientationLandscapeRight UIInterfaceOrientationPortrait UIInterfaceOrientationPortraitUpsideDown";
				IPHONEOS_DEPLOYMENT_TARGET = 13.0;
				LD_RUNPATH_SEARCH_PATHS = (
					"$(inherited)",
					"@executable_path/Frameworks",
				);
				MARKETING_VERSION = 1.0;
				PRODUCT_BUNDLE_IDENTIFIER = tayseer.AwesomeMovie;
				PRODUCT_NAME = "$(TARGET_NAME)";
				SUPPORTED_PLATFORMS = "iphoneos iphonesimulator";
				SUPPORTS_MACCATALYST = NO;
				SUPPORTS_MAC_DESIGNED_FOR_IPHONE_IPAD = NO;
				SWIFT_EMIT_LOC_STRINGS = YES;
				SWIFT_VERSION = 5.0;
				TARGETED_DEVICE_FAMILY = 1;
			};
			name = Release;
		};
/* End XCBuildConfiguration section */

/* Begin XCConfigurationList section */
		310B82492992CD4E00C0B97B /* Build configuration list for PBXProject "AwesomeMovie" */ = {
			isa = XCConfigurationList;
			buildConfigurations = (
				310B82602992CD4F00C0B97B /* Debug */,
				310B82612992CD4F00C0B97B /* Release */,
			);
			defaultConfigurationIsVisible = 0;
			defaultConfigurationName = Release;
		};
		310B82622992CD4F00C0B97B /* Build configuration list for PBXNativeTarget "AwesomeMovie" */ = {
			isa = XCConfigurationList;
			buildConfigurations = (
				310B82632992CD4F00C0B97B /* Debug */,
				310B82642992CD4F00C0B97B /* Release */,
			);
			defaultConfigurationIsVisible = 0;
			defaultConfigurationName = Release;
		};
/* End XCConfigurationList section */
	};
	rootObject = 310B82462992CD4E00C0B97B /* Project object */;
}
